
Microsoft Visual Studio Solution File, Format Version 12.00
# Visual Studio Version 16
VisualStudioVersion = 16.0.31402.337
MinimumVisualStudioVersion = 10.0.40219.1
Project("{8BC9CEB8-8B4A-11D0-8D11-00A0C91BC942}") = "phant0m-exe", "phant0m-exe\phant0m-exe.vcxproj", "{EC79F5DD-3943-4413-A298-8F4F2B8C2371}"
EndProject
Project("{8BC9CEB8-8B4A-11D0-8D11-00A0C91BC942}") = "phant0m-rdll", "phant0m-rdll\phant0m-rdll.vcxproj", "{84D2A2D4-47A9-4B5A-8A02-D18B93289D09}"
EndProject
Global
	GlobalSection(SolutionConfigurationPlatforms) = preSolution
		Debug|x64 = Debug|x64
		Debug|x86 = Debug|x86
		Release|x64 = Release|x64
		Release|x86 = Release|x86
	EndGlobalSection
	GlobalSection(ProjectConfigurationPlatforms) = postSolution
		{EC79F5DD-3943-4413-A298-8F4F2B8C2371}.Debug|x64.ActiveCfg = Debug|x64
		{EC79F5DD-3943-4413-A298-8F4F2B8C2371}.Debug|x64.Build.0 = Debug|x64
		{EC79F5DD-3943-4413-A298-8F4F2B8C2371}.Debug|x86.ActiveCfg = Debug|Win32
		{EC79F5DD-3943-4413-A298-8F4F2B8C2371}.Debug|x86.Build.0 = Debug|Win32
		{EC79F5DD-3943-4413-A298-8F4F2B8C2371}.Release|x64.ActiveCfg = Release|x64
		{EC79F5DD-3943-4413-A298-8F4F2B8C2371}.Release|x64.Build.0 = Release|x64
		{EC79F5DD-3943-4413-A298-8F4F2B8C2371}.Release|x86.ActiveCfg = Release|Win32
		{EC79F5DD-3943-4413-A298-8F4F2B8C2371}.Release|x86.Build.0 = Release|Win32
		{84D2A2D4-47A9-4B5A-8A02-D18B93289D09}.Debug|x64.ActiveCfg = Debug|x64
		{84D2A2D4-47A9-4B5A-8A02-D18B93289D09}.Debug|x64.Build.0 = Debug|x64
		{84D2A2D4-47A9-4B5A-8A02-D18B93289D09}.Debug|x86.ActiveCfg = Debug|Win32
		{84D2A2D4-47A9-4B5A-8A02-D18B93289D09}.Debug|x86.Build.0 = Debug|Win32
		{84D2A2D4-47A9-4B5A-8A02-D18B93289D09}.Release|x64.ActiveCfg = Release|x64
		{84D2A2D4-47A9-4B5A-8A02-D18B93289D09}.Release|x64.Build.0 = Release|x64
		{84D2A2D4-47A9-4B5A-8A02-D18B93289D09}.Release|x86.ActiveCfg = Release|Win32
		{84D2A2D4-47A9-4B5A-8A02-D18B93289D09}.Release|x86.Build.0 = Release|Win32
	EndGlobalSection
	GlobalSection(SolutionProperties) = preSolution
		HideSolutionNode = FALSE
	EndGlobalSection
	GlobalSection(ExtensibilityGlobals) = postSolution
		SolutionGuid = {387EC395-C001-4D1D-982C-9FFCDE439D50}
	EndGlobalSection
EndGlobal
